// !$*UTF8*$!
{
	archiveVersion = 1;
	classes = {
	};
	objectVersion = 50;
	objects = {

/* Begin PBXBuildFile section */
		BC0DD8AF23CE24B3004E437C /* AppDelegate.swift in Sources */ = {isa = PBXBuildFile; fileRef = BC0DD8AE23CE24B3004E437C /* AppDelegate.swift */; };
		BC0DD8B123CE24B3004E437C /* SceneDelegate.swift in Sources */ = {isa = PBXBuildFile; fileRef = BC0DD8B023CE24B3004E437C /* SceneDelegate.swift */; };
		BC0DD8B323CE24B3004E437C /* ViewController.swift in Sources */ = {isa = PBXBuildFile; fileRef = BC0DD8B223CE24B3004E437C /* ViewController.swift */; };
		BC0DD8B623CE24B3004E437C /* Main.storyboard in Resources */ = {isa = PBXBuildFile; fileRef = BC0DD8B423CE24B3004E437C /* Main.storyboard */; };
		BC0DD8B823CE24B5004E437C /* Assets.xcassets in Resources */ = {isa = PBXBuildFile; fileRef = BC0DD8B723CE24B5004E437C /* Assets.xcassets */; };
		BC0DD8BB23CE24B5004E437C /* LaunchScreen.storyboard in Resources */ = {isa = PBXBuildFile; fileRef = BC0DD8B923CE24B5004E437C /* LaunchScreen.storyboard */; };
/* End PBXBuildFile section */

/* Begin PBXFileReference section */
		BC0DD8AB23CE24B3004E437C /* autoplayout5.app */ = {isa = PBXFileReference; explicitFileType = wrapper.application; includeInIndex = 0; path = autoplayout5.app; sourceTree = BUILT_PRODUCTS_DIR; };
		BC0DD8AE23CE24B3004E437C /* AppDelegate.swift */ = {isa = PBXFileReference; lastKnownFileType = sourcecode.swift; path = AppDelegate.swift; sourceTree = "<group>"; };
		BC0DD8B023CE24B3004E437C /* SceneDelegate.swift */ = {isa = PBXFileReference; lastKnownFileType = sourcecode.swift; path = SceneDelegate.swift; sourceTree = "<group>"; };
		BC0DD8B223CE24B3004E437C /* ViewController.swift */ = {isa = PBXFileReference; lastKnownFileType = sourcecode.swift; path = ViewController.swift; sourceTree = "<group>"; };
		BC0DD8B523CE24B3004E437C /* Base */ = {isa = PBXFileReference; lastKnownFileType = file.storyboard; name = Base; path = Base.lproj/Main.storyboard; sourceTree = "<group>"; };
		BC0DD8B723CE24B5004E437C /* Assets.xcassets */ = {isa = PBXFileReference; lastKnownFileType = folder.assetcatalog; path = Assets.xcassets; sourceTree = "<group>"; };
		BC0DD8BA23CE24B5004E437C /* Base */ = {isa = PBXFileReference; lastKnownFileType = file.storyboard; name = Base; path = Base.lproj/LaunchScreen.storyboard; sourceTree = "<group>"; };
		BC0DD8BC23CE24B5004E437C /* Info.plist */ = {isa = PBXFileReference; lastKnownFileType = text.plist.xml; path = Info.plist; sourceTree = "<group>"; };
/* End PBXFileReference section */

/* Begin PBXFrameworksBuildPhase section */
		BC0DD8A823CE24B3004E437C /* Frameworks */ = {
			isa = PBXFrameworksBuildPhase;
			buildActionMask = 2147483647;
			files = (
			);
			runOnlyForDeploymentPostprocessing = 0;
		};
/* End PBXFrameworksBuildPhase section */

/* Begin PBXGroup section */
		BC0DD8A223CE24B3004E437C = {
			isa = PBXGroup;
			children = (
				BC0DD8AD23CE24B3004E437C /* autoplayout5 */,
				BC0DD8AC23CE24B3004E437C /* Products */,
			);
			sourceTree = "<group>";
		};
		BC0DD8AC23CE24B3004E437C /* Products */ = {
			isa = PBXGroup;
			children = (
				BC0DD8AB23CE24B3004E437C /* autoplayout5.app */,
			);
			name = Products;
			sourceTree = "<group>";
		};
		BC0DD8AD23CE24B3004E437C /* autoplayout5 */ = {
			isa = PBXGroup;
			children = (
				BC0DD8AE23CE24B3004E437C /* AppDelegate.swift */,
				BC0DD8B023CE24B3004E437C /* SceneDelegate.swift */,
				BC0DD8B223CE24B3004E437C /* ViewController.swift */,
				BC0DD8B423CE24B3004E437C /* Main.storyboard */,
				BC0DD8B723CE24B5004E437C /* Assets.xcassets */,
				BC0DD8B923CE24B5004E437C /* LaunchScreen.storyboard */,
				BC0DD8BC23CE24B5004E437C /* Info.plist */,
			);
			path = autoplayout5;
			sourceTree = "<group>";
		};
/* End PBXGroup section */

/* Begin PBXNativeTarget section */
		BC0DD8AA23CE24B3004E437C /* autoplayout5 */ = {
			isa = PBXNativeTarget;
			buildConfigurationList = BC0DD8BF23CE24B5004E437C /* Build configuration list for PBXNativeTarget "autoplayout5" */;
			buildPhases = (
				BC0DD8A723CE24B3004E437C /* Sources */,
				BC0DD8A823CE24B3004E437C /* Frameworks */,
				BC0DD8A923CE24B3004E437C /* Resources */,
			);
			buildRules = (
			);
			dependencies = (
			);
			name = autoplayout5;
			productName = autoplayout5;
			productReference = BC0DD8AB23CE24B3004E437C /* autoplayout5.app */;
			productType = "com.apple.product-type.application";
		};
/* End PBXNativeTarget section */

/* Begin PBXProject section */
		BC0DD8A323CE24B3004E437C /* Project object */ = {
			isa = PBXProject;
			attributes = {
				LastSwiftUpdateCheck = 1130;
				LastUpgradeCheck = 1130;
				ORGANIZATIONNAME = adanis;
				TargetAttributes = {
					BC0DD8AA23CE24B3004E437C = {
						CreatedOnToolsVersion = 11.3;
					};
				};
			};
			buildConfigurationList = BC0DD8A623CE24B3004E437C /* Build configuration list for PBXProject "autoplayout5" */;
			compatibilityVersion = "Xcode 9.3";
			developmentRegion = en;
			hasScannedForEncodings = 0;
			knownRegions = (
				en,
				Base,
			);
			mainGroup = BC0DD8A223CE24B3004E437C;
			productRefGroup = BC0DD8AC23CE24B3004E437C /* Products */;
			projectDirPath = "";
			projectRoot = "";
			targets = (
				BC0DD8AA23CE24B3004E437C /* autoplayout5 */,
			);
		};
/* End PBXProject section */

/* Begin PBXResourcesBuildPhase section */
		BC0DD8A923CE24B3004E437C /* Resources */ = {
			isa = PBXResourcesBuildPhase;
			buildActionMask = 2147483647;
			files = (
				BC0DD8BB23CE24B5004E437C /* LaunchScreen.storyboard in Resources */,
				BC0DD8B823CE24B5004E437C /* Assets.xcassets in Resources */,
				BC0DD8B623CE24B3004E437C /* Main.storyboard in Resources */,
			);
			runOnlyForDeploymentPostprocessing = 0;
		};
/* End PBXResourcesBuildPhase section */

/* Begin PBXSourcesBuildPhase section */
		BC0DD8A723CE24B3004E437C /* Sources */ = {
			isa = PBXSourcesBuildPhase;
			buildActionMask = 2147483647;
			files = (
				BC0DD8B323CE24B3004E437C /* ViewController.swift in Sources */,
				BC0DD8AF23CE24B3004E437C /* AppDelegate.swift in Sources */,
				BC0DD8B123CE24B3004E437C /* SceneDelegate.swift in Sources */,
			);
			runOnlyForDeploymentPostprocessing = 0;
		};
/* End PBXSourcesBuildPhase section */

/* Begin PBXVariantGroup section */
		BC0DD8B423CE24B3004E437C /* Main.storyboard */ = {
			isa = PBXVariantGroup;
			children = (
				BC0DD8B523CE24B3004E437C /* Base */,
			);
			name = Main.storyboard;
			sourceTree = "<group>";
		};
		BC0DD8B923CE24B5004E437C /* LaunchScreen.storyboard */ = {
			isa = PBXVariantGroup;
			children = (
				BC0DD8BA23CE24B5004E437C /* Base */,
			);
			name = LaunchScreen.storyboard;
			sourceTree = "<group>";
		};
/* End PBXVariantGroup section */

/* Begin XCBuildConfiguration section */
		BC0DD8BD23CE24B5004E437C /* Debug */ = {
			isa = XCBuildConfiguration;
			buildSettings = {
				ALWAYS_SEARCH_USER_PATHS = NO;
				CLANG_ANALYZER_NONNULL = YES;
				CLANG_ANALYZER_NUMBER_OBJECT_CONVERSION = YES_AGGRESSIVE;
				CLANG_CXX_LANGUAGE_STANDARD = "gnu++14";
				CLANG_CXX_LIBRARY = "libc++";
				CLANG_ENABLE_MODULES = YES;
				CLANG_ENABLE_OBJC_ARC = YES;
				CLANG_ENABLE_OBJC_WEAK = YES;
				CLANG_WARN_BLOCK_CAPTURE_AUTORELEASING = YES;
				CLANG_WARN_BOOL_CONVERSION = YES;
				CLANG_WARN_COMMA = YES;
				CLANG_WARN_CONSTANT_CONVERSION = YES;
				CLANG_WARN_DEPRECATED_OBJC_IMPLEMENTATIONS = YES;
				CLANG_WARN_DIRECT_OBJC_ISA_USAGE = YES_ERROR;
				CLANG_WARN_DOCUMENTATION_COMMENTS = YES;
				CLANG_WARN_EMPTY_BODY = YES;
				CLANG_WARN_ENUM_CONVERSION = YES;
				CLANG_WARN_INFINITE_RECURSION = YES;
				CLANG_WARN_INT_CONVERSION = YES;
				CLANG_WARN_NON_LITERAL_NULL_CONVERSION = YES;
				CLANG_WARN_OBJC_IMPLICIT_RETAIN_SELF = YES;
				CLANG_WARN_OBJC_LITERAL_CONVERSION = YES;
				CLANG_WARN_OBJC_ROOT_CLASS = YES_ERROR;
				CLANG_WARN_RANGE_LOOP_ANALYSIS = YES;
				CLANG_WARN_STRICT_PROTOTYPES = YES;
				CLANG_WARN_SUSPICIOUS_MOVE = YES;
				CLANG_WARN_UNGUARDED_AVAILABILITY = YES_AGGRESSIVE;
				CLANG_WARN_UNREACHABLE_CODE = YES;
				CLANG_WARN__DUPLICATE_METHOD_MATCH = YES;
				COPY_PHASE_STRIP = NO;
				DEBUG_INFORMATION_FORMAT = dwarf;
				ENABLE_STRICT_OBJC_MSGSEND = YES;
				ENABLE_TESTABILITY = YES;
				GCC_C_LANGUAGE_STANDARD = gnu11;
				GCC_DYNAMIC_NO_PIC = NO;
				GCC_NO_COMMON_BLOCKS = YES;
				GCC_OPTIMIZATION_LEVEL = 0;
				GCC_PREPROCESSOR_DEFINITIONS = (
					"DEBUG=1",
					"$(inherited)",
				);
				GCC_WARN_64_TO_32_BIT_CONVERSION = YES;
				GCC_WARN_ABOUT_RETURN_TYPE = YES_ERROR;
				GCC_WARN_UNDECLARED_SELECTOR = YES;
				GCC_WARN_UNINITIALIZED_AUTOS = YES_AGGRESSIVE;
				GCC_WARN_UNUSED_FUNCTION = YES;
				GCC_WARN_UNUSED_VARIABLE = YES;
				IPHONEOS_DEPLOYMENT_TARGET = 13.2;
				MTL_ENABLE_DEBUG_INFO = INCLUDE_SOURCE;
				MTL_FAST_MATH = YES;
				ONLY_ACTIVE_ARCH = YES;
				SDKROOT = iphoneos;
				SWIFT_ACTIVE_COMPILATION_CONDITIONS = DEBUG;
				SWIFT_OPTIMIZATION_LEVEL = "-Onone";
			};
			name = Debug;
		};
		BC0DD8BE23CE24B5004E437C /* Release */ = {
			isa = XCBuildConfiguration;
			buildSettings = {
				ALWAYS_SEARCH_USER_PATHS = NO;
				CLANG_ANALYZER_NONNULL = YES;
				CLANG_ANALYZER_NUMBER_OBJECT_CONVERSION = YES_AGGRESSIVE;
				CLANG_CXX_LANGUAGE_STANDARD = "gnu++14";
				CLANG_CXX_LIBRARY = "libc++";
				CLANG_ENABLE_MODULES = YES;
				CLANG_ENABLE_OBJC_ARC = YES;
				CLANG_ENABLE_OBJC_WEAK = YES;
				CLANG_WARN_BLOCK_CAPTURE_AUTORELEASING = YES;
				CLANG_WARN_BOOL_CONVERSION = YES;
				CLANG_WARN_COMMA = YES;
				CLANG_WARN_CONSTANT_CONVERSION = YES;
				CLANG_WARN_DEPRECATED_OBJC_IMPLEMENTATIONS = YES;
				CLANG_WARN_DIRECT_OBJC_ISA_USAGE = YES_ERROR;
				CLANG_WARN_DOCUMENTATION_COMMENTS = YES;
				CLANG_WARN_EMPTY_BODY = YES;
				CLANG_WARN_ENUM_CONVERSION = YES;
				CLANG_WARN_INFINITE_RECURSION = YES;
				CLANG_WARN_INT_CONVERSION = YES;
				CLANG_WARN_NON_LITERAL_NULL_CONVERSION = YES;
				CLANG_WARN_OBJC_IMPLICIT_RETAIN_SELF = YES;
				CLANG_WARN_OBJC_LITERAL_CONVERSION = YES;
				CLANG_WARN_OBJC_ROOT_CLASS = YES_ERROR;
				CLANG_WARN_RANGE_LOOP_ANALYSIS = YES;
				CLANG_WARN_STRICT_PROTOTYPES = YES;
				CLANG_WARN_SUSPICIOUS_MOVE = YES;
				CLANG_WARN_UNGUARDED_AVAILABILITY = YES_AGGRESSIVE;
				CLANG_WARN_UNREACHABLE_CODE = YES;
				CLANG_WARN__DUPLICATE_METHOD_MATCH = YES;
				COPY_PHASE_STRIP = NO;
				DEBUG_INFORMATION_FORMAT = "dwarf-with-dsym";
				ENABLE_NS_ASSERTIONS = NO;
				ENABLE_STRICT_OBJC_MSGSEND = YES;
				GCC_C_LANGUAGE_STANDARD = gnu11;
				GCC_NO_COMMON_BLOCKS = YES;
				GCC_WARN_64_TO_32_BIT_CONVERSION = YES;
				GCC_WARN_ABOUT_RETURN_TYPE = YES_ERROR;
				GCC_WARN_UNDECLARED_SELECTOR = YES;
				GCC_WARN_UNINITIALIZED_AUTOS = YES_AGGRESSIVE;
				GCC_WARN_UNUSED_FUNCTION = YES;
				GCC_WARN_UNUSED_VARIABLE = YES;
				IPHONEOS_DEPLOYMENT_TARGET = 13.2;
				MTL_ENABLE_DEBUG_INFO = NO;
				MTL_FAST_MATH = YES;
				SDKROOT = iphoneos;
				SWIFT_COMPILATION_MODE = wholemodule;
				SWIFT_OPTIMIZATION_LEVEL = "-O";
				VALIDATE_PRODUCT = YES;
			};
			name = Release;
		};
		BC0DD8C023CE24B5004E437C /* Debug */ = {
			isa = XCBuildConfiguration;
			buildSettings = {
				ASSETCATALOG_COMPILER_APPICON_NAME = AppIcon;
				CODE_SIGN_STYLE = Automatic;
				INFOPLIST_FILE = autoplayout5/Info.plist;
				IPHONEOS_DEPLOYMENT_TARGET = 9.3;
				LD_RUNPATH_SEARCH_PATHS = (
					"$(inherited)",
					"@executable_path/Frameworks",
				);
				PRODUCT_BUNDLE_IDENTIFIER = adanis.autoplayout5;
				PRODUCT_NAME = "$(TARGET_NAME)";
				SWIFT_VERSION = 5.0;
				TARGETED_DEVICE_FAMILY = "1,2";
			};
			name = Debug;
		};
		BC0DD8C123CE24B5004E437C /* Release */ = {
			isa = XCBuildConfiguration;
			buildSettings = {
				ASSETCATALOG_COMPILER_APPICON_NAME = AppIcon;
				CODE_SIGN_STYLE = Automatic;
				INFOPLIST_FILE = autoplayout5/Info.plist;
				IPHONEOS_DEPLOYMENT_TARGET = 9.3;
				LD_RUNPATH_SEARCH_PATHS = (
					"$(inherited)",
					"@executable_path/Frameworks",
				);
				PRODUCT_BUNDLE_IDENTIFIER = adanis.autoplayout5;
				PRODUCT_NAME = "$(TARGET_NAME)";
				SWIFT_VERSION = 5.0;
				TARGETED_DEVICE_FAMILY = "1,2";
			};
			name = Release;
		};
/* End XCBuildConfiguration section */

/* Begin XCConfigurationList section */
		BC0DD8A623CE24B3004E437C /* Build configuration list for PBXProject "autoplayout5" */ = {
			isa = XCConfigurationList;
			buildConfigurations = (
				BC0DD8BD23CE24B5004E437C /* Debug */,
				BC0DD8BE23CE24B5004E437C /* Release */,
			);
			defaultConfigurationIsVisible = 0;
			defaultConfigurationName = Release;
		};
		BC0DD8BF23CE24B5004E437C /* Build configuration list for PBXNativeTarget "autoplayout5" */ = {
			isa = XCConfigurationList;
			buildConfigurations = (
				BC0DD8C023CE24B5004E437C /* Debug */,
				BC0DD8C123CE24B5004E437C /* Release */,
			);
			defaultConfigurationIsVisible = 0;
			defaultConfigurationName = Release;
		};
/* End XCConfigurationList section */
	};
	rootObject = BC0DD8A323CE24B3004E437C /* Project object */;
}
